
Microsoft Visual Studio Solution File, Format Version 12.00
Project("{FAE04EC0-301F-11D3-BF4B-00C04F79EFBC}") = "MassLoot", "MassLoot\MassLoot.csproj", "{1CC53F2E-7B48-484E-BE6F-FBC9BBEE1BC4}"
EndProject
Project("{FAE04EC0-301F-11D3-BF4B-00C04F79EFBC}") = "MassLoot.Expressions.Tests", "MassLoot.Expressions.Tests\MassLoot.Expressions.Tests.csproj", "{AA9FB3A0-BF11-4ADB-8349-E1D1074DEAB3}"
EndProject
Project("{FAE04EC0-301F-11D3-BF4B-00C04F79EFBC}") = "MassLoot.Expressions", "MassLoot.Expressions\MassLoot.Expressions.csproj", "{41415227-1BF8-42E7-953C-97F75D496842}"
EndProject
Project("{FAE04EC0-301F-11D3-BF4B-00C04F79EFBC}") = "MassLoot.Tests", "MassLoot.Tests\MassLoot.Tests.csproj", "{1C14E884-B64D-434B-8863-A75B67AF283F}"
EndProject
Project("{FAE04EC0-301F-11D3-BF4B-00C04F79EFBC}") = "MassLoot.WebApi", "MassLoot.WebApi\MassLoot.WebApi.csproj", "{03F07AD7-7954-4407-9AE2-9ECDBA8C95FB}"
EndProject
Project("{FAE04EC0-301F-11D3-BF4B-00C04F79EFBC}") = "MassLoot.Utilities", "MassLoot.Utilities\MassLoot.Utilities.csproj", "{D41BA57C-7364-4072-AB6E-6EF574C2F496}"
EndProject
Global
	GlobalSection(SolutionConfigurationPlatforms) = preSolution
		Debug|Any CPU = Debug|Any CPU
		Release|Any CPU = Release|Any CPU
	EndGlobalSection
	GlobalSection(ProjectConfigurationPlatforms) = postSolution
		{1CC53F2E-7B48-484E-BE6F-FBC9BBEE1BC4}.Debug|Any CPU.ActiveCfg = Debug|Any CPU
		{1CC53F2E-7B48-484E-BE6F-FBC9BBEE1BC4}.Debug|Any CPU.Build.0 = Debug|Any CPU
		{1CC53F2E-7B48-484E-BE6F-FBC9BBEE1BC4}.Release|Any CPU.ActiveCfg = Release|Any CPU
		{1CC53F2E-7B48-484E-BE6F-FBC9BBEE1BC4}.Release|Any CPU.Build.0 = Release|Any CPU
		{AA9FB3A0-BF11-4ADB-8349-E1D1074DEAB3}.Debug|Any CPU.ActiveCfg = Debug|Any CPU
		{AA9FB3A0-BF11-4ADB-8349-E1D1074DEAB3}.Debug|Any CPU.Build.0 = Debug|Any CPU
		{AA9FB3A0-BF11-4ADB-8349-E1D1074DEAB3}.Release|Any CPU.ActiveCfg = Release|Any CPU
		{AA9FB3A0-BF11-4ADB-8349-E1D1074DEAB3}.Release|Any CPU.Build.0 = Release|Any CPU
		{41415227-1BF8-42E7-953C-97F75D496842}.Debug|Any CPU.ActiveCfg = Debug|Any CPU
		{41415227-1BF8-42E7-953C-97F75D496842}.Debug|Any CPU.Build.0 = Debug|Any CPU
		{41415227-1BF8-42E7-953C-97F75D496842}.Release|Any CPU.ActiveCfg = Release|Any CPU
		{41415227-1BF8-42E7-953C-97F75D496842}.Release|Any CPU.Build.0 = Release|Any CPU
		{1C14E884-B64D-434B-8863-A75B67AF283F}.Debug|Any CPU.ActiveCfg = Debug|Any CPU
		{1C14E884-B64D-434B-8863-A75B67AF283F}.Debug|Any CPU.Build.0 = Debug|Any CPU
		{1C14E884-B64D-434B-8863-A75B67AF283F}.Release|Any CPU.ActiveCfg = Release|Any CPU
		{1C14E884-B64D-434B-8863-A75B67AF283F}.Release|Any CPU.Build.0 = Release|Any CPU
		{03F07AD7-7954-4407-9AE2-9ECDBA8C95FB}.Debug|Any CPU.ActiveCfg = Debug|Any CPU
		{03F07AD7-7954-4407-9AE2-9ECDBA8C95FB}.Debug|Any CPU.Build.0 = Debug|Any CPU
		{03F07AD7-7954-4407-9AE2-9ECDBA8C95FB}.Release|Any CPU.ActiveCfg = Release|Any CPU
		{03F07AD7-7954-4407-9AE2-9ECDBA8C95FB}.Release|Any CPU.Build.0 = Release|Any CPU
		{D41BA57C-7364-4072-AB6E-6EF574C2F496}.Debug|Any CPU.ActiveCfg = Debug|Any CPU
		{D41BA57C-7364-4072-AB6E-6EF574C2F496}.Debug|Any CPU.Build.0 = Debug|Any CPU
		{D41BA57C-7364-4072-AB6E-6EF574C2F496}.Release|Any CPU.ActiveCfg = Release|Any CPU
		{D41BA57C-7364-4072-AB6E-6EF574C2F496}.Release|Any CPU.Build.0 = Release|Any CPU
	EndGlobalSection
EndGlobal
